# This file is autogenerated, do not edit; changes may be undone by the next 'dep ensure'.


[[projects]]
  name = "github.com/GeertJohan/go.rice"
  packages = [
    ".",
    "embedded"
  ]
  revision = "fbe422beac33c4443570d39dccb4b0c4c914d6ca"

[[projects]]
  branch = "master"
  name = "github.com/daaku/go.zipexe"
  packages = ["."]
  revision = "a5fe2436ffcb3236e175e5149162b41cd28bd27d"

[[projects]]
  name = "github.com/dgrijalva/jwt-go"
  packages = ["."]
  revision = "dbeaa9332f19a944acb5736b4456cfcc02140e29"
  version = "v3.1.0"

[[projects]]
  name = "github.com/go-sql-driver/mysql"
  packages = ["."]
  revision = "a0583e0143b1624142adab07e0e97fe106d99561"
  version = "v1.3"

[[projects]]
  name = "github.com/go-xorm/builder"
  packages = ["."]
  revision = "c6e604e9c7b7461715091e14ad0c242ec44c26e4"

[[projects]]
  name = "github.com/go-xorm/core"
  packages = ["."]
  revision = "e8409d73255791843585964791443dbad877058c"

[[projects]]
  name = "github.com/go-xorm/xorm"
  packages = ["."]
  revision = "3c8314e91603f0bfa6a228c1a0fea8a9e298f6d9"
  version = "v0.6.2"

[[projects]]
  name = "github.com/kardianos/osext"
  packages = ["."]
  revision = "9d302b58e975387d0b4d9be876622c86cefe64be"

[[projects]]
  name = "github.com/labstack/echo"
  packages = [
    ".",
    "middleware"
  ]
  revision = "935a60782cbbc55110e7bd4b33120e4567cbee43"
  version = "v3.2.1"

[[projects]]
  name = "github.com/labstack/gommon"
  packages = [
    "bytes",
    "color",
    "log",
    "random"
  ]
  revision = "57409ada9da0f2afad6664c49502f8c50fbd8476"
  version = "0.2.3"

[[projects]]
  name = "github.com/mattn/go-colorable"
  packages = ["."]
  revision = "ded68f7a9561c023e790de24279db7ebf473ea80"

[[projects]]
  name = "github.com/mattn/go-isatty"
  packages = ["."]
  revision = "fc9e8d8ef48496124e79ae0df75490096eccf6fe"
  version = "v0.0.2"

[[projects]]
  branch = "master"
  name = "github.com/valyala/bytebufferpool"
  packages = ["."]
  revision = "e746df99fe4a3986f4d4f79e13c1e0117ce9c2f7"

[[projects]]
  branch = "master"
  name = "github.com/valyala/fasttemplate"
  packages = ["."]
  revision = "dcecefd839c4193db0d35b88ec65b4c12d360ab0"

[[projects]]
  name = "go.uber.org/atomic"
  packages = ["."]
  revision = "4e336646b2ef9fc6e47be8e21594178f98e5ebcf"
  version = "v1.2.0"

[[projects]]
  name = "go.uber.org/zap"
  packages = [
    ".",
    "buffer",
    "internal/bufferpool",
    "internal/color",
    "internal/exit",
    "internal/multierror",
    "zapcore"
  ]
  revision = "9cabc84638b70e564c3dab2766efcb1ded2aac9f"
  version = "v1.4.1"

[[projects]]
  branch = "master"
  name = "golang.org/x/crypto"
  packages = [
    "acme",
    "acme/autocert",
    "pbkdf2",
    "scrypt"
  ]
  revision = "13931e22f9e72ea58bb73048bc752b48c6d4d4ac"

[[projects]]
  name = "golang.org/x/sys"
  packages = ["unix"]
  revision = "9a7256cb28ed514b4e1e5f68959914c4c28a92e0"

[[projects]]
  name = "gopkg.in/redis.v5"
  packages = [
    ".",
    "internal",
    "internal/consistenthash",
    "internal/hashtag",
    "internal/pool",
    "internal/proto"
  ]
  revision = "a16aeec10ff407b1e7be6dd35797ccf5426ef0f0"
  version = "v5.2.9"

[[projects]]
  name = "gopkg.in/yaml.v2"
  packages = ["."]
  revision = "cd8b52f8269e0feb286dfeef29f8fe4d5b397e0b"

[solve-meta]
  analyzer-name = "dep"
  analyzer-version = 1
  inputs-digest = "63ccc5d57c432128ea377dc9bc794e82af86619e25db1f350e6eb94bd7cda05e"
  solver-name = "gps-cdcl"
  solver-version = 1
